// !$*UTF8*$!
{
	archiveVersion = 1;
	classes = {
	};
	objectVersion = 55;
	objects = {

/* Begin PBXBuildFile section */
		751A43A227BF6C5E003C5E10 /* AppDelegate.swift in Sources */ = {isa = PBXBuildFile; fileRef = 751A43A127BF6C5E003C5E10 /* AppDelegate.swift */; };
		751A43AB27BF6C60003C5E10 /* Assets.xcassets in Resources */ = {isa = PBXBuildFile; fileRef = 751A43AA27BF6C60003C5E10 /* Assets.xcassets */; };
		751A43AE27BF6C60003C5E10 /* LaunchScreen.storyboard in Resources */ = {isa = PBXBuildFile; fileRef = 751A43AC27BF6C60003C5E10 /* LaunchScreen.storyboard */; };
		754D9B8D27C49215004FA2B6 /* RootRouter.swift in Sources */ = {isa = PBXBuildFile; fileRef = 754D9B8927C49215004FA2B6 /* RootRouter.swift */; };
		754D9B8E27C49215004FA2B6 /* RootViewController.swift in Sources */ = {isa = PBXBuildFile; fileRef = 754D9B8A27C49215004FA2B6 /* RootViewController.swift */; };
		754D9B8F27C49215004FA2B6 /* RootBuilder.swift in Sources */ = {isa = PBXBuildFile; fileRef = 754D9B8B27C49215004FA2B6 /* RootBuilder.swift */; };
		754D9B9027C49215004FA2B6 /* RootInteractor.swift in Sources */ = {isa = PBXBuildFile; fileRef = 754D9B8C27C49215004FA2B6 /* RootInteractor.swift */; };
		754D9B9727C4AC64004FA2B6 /* SplashRouter.swift in Sources */ = {isa = PBXBuildFile; fileRef = 754D9B9327C4AC64004FA2B6 /* SplashRouter.swift */; };
		754D9B9827C4AC64004FA2B6 /* SplashViewController.swift in Sources */ = {isa = PBXBuildFile; fileRef = 754D9B9427C4AC64004FA2B6 /* SplashViewController.swift */; };
		754D9B9927C4AC64004FA2B6 /* SplashBuilder.swift in Sources */ = {isa = PBXBuildFile; fileRef = 754D9B9527C4AC64004FA2B6 /* SplashBuilder.swift */; };
		754D9B9A27C4AC64004FA2B6 /* SplashInteractor.swift in Sources */ = {isa = PBXBuildFile; fileRef = 754D9B9627C4AC64004FA2B6 /* SplashInteractor.swift */; };
		754D9B9C27C4B3D4004FA2B6 /* UIColor+Finda.swift in Sources */ = {isa = PBXBuildFile; fileRef = 754D9B9B27C4B3D3004FA2B6 /* UIColor+Finda.swift */; };
		7553C96327BF74CC00140690 /* NSObject-Rx in Frameworks */ = {isa = PBXBuildFile; productRef = 7553C96227BF74CC00140690 /* NSObject-Rx */; };
		7553C96627BF74DF00140690 /* Then in Frameworks */ = {isa = PBXBuildFile; productRef = 7553C96527BF74DF00140690 /* Then */; };
		7553C96927BF74F200140690 /* SnapKit in Frameworks */ = {isa = PBXBuildFile; productRef = 7553C96827BF74F200140690 /* SnapKit */; };
		7553C96C27BF750200140690 /* ModernRIBs in Frameworks */ = {isa = PBXBuildFile; productRef = 7553C96B27BF750200140690 /* ModernRIBs */; };
		7553C96F27BF751900140690 /* RxCocoa in Frameworks */ = {isa = PBXBuildFile; productRef = 7553C96E27BF751900140690 /* RxCocoa */; };
		7553C97127BF751900140690 /* RxSwift in Frameworks */ = {isa = PBXBuildFile; productRef = 7553C97027BF751900140690 /* RxSwift */; };
		75B2823527C369C70039DEA9 /* AppComponent.swift in Sources */ = {isa = PBXBuildFile; fileRef = 75B2823427C369C70039DEA9 /* AppComponent.swift */; };
		75B2823727C36B040039DEA9 /* RIBsUtil.swift in Sources */ = {isa = PBXBuildFile; fileRef = 75B2823627C36B040039DEA9 /* RIBsUtil.swift */; };
		75F2C5F827C5FD1600922EEA /* CommonDef.swift in Sources */ = {isa = PBXBuildFile; fileRef = 75F2C5F727C5FD1600922EEA /* CommonDef.swift */; };
		75F2C5FC27C60AF800922EEA /* SplashModel.swift in Sources */ = {isa = PBXBuildFile; fileRef = 75F2C5FB27C60AF800922EEA /* SplashModel.swift */; };
		75F2C5FE27C60CD100922EEA /* UIImage+Finda.swift in Sources */ = {isa = PBXBuildFile; fileRef = 75F2C5FD27C60CD100922EEA /* UIImage+Finda.swift */; };
		75F2C60127C60F4500922EEA /* SplashCVC.swift in Sources */ = {isa = PBXBuildFile; fileRef = 75F2C60027C60F4500922EEA /* SplashCVC.swift */; };
/* End PBXBuildFile section */

/* Begin PBXFileReference section */
		751A439E27BF6C5E003C5E10 /* Finda.app */ = {isa = PBXFileReference; explicitFileType = wrapper.application; includeInIndex = 0; path = Finda.app; sourceTree = BUILT_PRODUCTS_DIR; };
		751A43A127BF6C5E003C5E10 /* AppDelegate.swift */ = {isa = PBXFileReference; lastKnownFileType = sourcecode.swift; path = AppDelegate.swift; sourceTree = "<group>"; };
		751A43AA27BF6C60003C5E10 /* Assets.xcassets */ = {isa = PBXFileReference; lastKnownFileType = folder.assetcatalog; path = Assets.xcassets; sourceTree = "<group>"; };
		751A43AD27BF6C60003C5E10 /* Base */ = {isa = PBXFileReference; lastKnownFileType = file.storyboard; name = Base; path = Base.lproj/LaunchScreen.storyboard; sourceTree = "<group>"; };
		751A43AF27BF6C60003C5E10 /* Info.plist */ = {isa = PBXFileReference; lastKnownFileType = text.plist.xml; path = Info.plist; sourceTree = "<group>"; };
		754D9B8927C49215004FA2B6 /* RootRouter.swift */ = {isa = PBXFileReference; lastKnownFileType = sourcecode.swift; path = RootRouter.swift; sourceTree = "<group>"; };
		754D9B8A27C49215004FA2B6 /* RootViewController.swift */ = {isa = PBXFileReference; lastKnownFileType = sourcecode.swift; path = RootViewController.swift; sourceTree = "<group>"; };
		754D9B8B27C49215004FA2B6 /* RootBuilder.swift */ = {isa = PBXFileReference; lastKnownFileType = sourcecode.swift; path = RootBuilder.swift; sourceTree = "<group>"; };
		754D9B8C27C49215004FA2B6 /* RootInteractor.swift */ = {isa = PBXFileReference; lastKnownFileType = sourcecode.swift; path = RootInteractor.swift; sourceTree = "<group>"; };
		754D9B9327C4AC64004FA2B6 /* SplashRouter.swift */ = {isa = PBXFileReference; lastKnownFileType = sourcecode.swift; path = SplashRouter.swift; sourceTree = "<group>"; };
		754D9B9427C4AC64004FA2B6 /* SplashViewController.swift */ = {isa = PBXFileReference; lastKnownFileType = sourcecode.swift; path = SplashViewController.swift; sourceTree = "<group>"; };
		754D9B9527C4AC64004FA2B6 /* SplashBuilder.swift */ = {isa = PBXFileReference; lastKnownFileType = sourcecode.swift; path = SplashBuilder.swift; sourceTree = "<group>"; };
		754D9B9627C4AC64004FA2B6 /* SplashInteractor.swift */ = {isa = PBXFileReference; lastKnownFileType = sourcecode.swift; path = SplashInteractor.swift; sourceTree = "<group>"; };
		754D9B9B27C4B3D3004FA2B6 /* UIColor+Finda.swift */ = {isa = PBXFileReference; fileEncoding = 4; lastKnownFileType = sourcecode.swift; path = "UIColor+Finda.swift"; sourceTree = "<group>"; };
		75B2823427C369C70039DEA9 /* AppComponent.swift */ = {isa = PBXFileReference; lastKnownFileType = sourcecode.swift; path = AppComponent.swift; sourceTree = "<group>"; };
		75B2823627C36B040039DEA9 /* RIBsUtil.swift */ = {isa = PBXFileReference; fileEncoding = 4; lastKnownFileType = sourcecode.swift; path = RIBsUtil.swift; sourceTree = "<group>"; };
		75F2C5F727C5FD1600922EEA /* CommonDef.swift */ = {isa = PBXFileReference; lastKnownFileType = sourcecode.swift; path = CommonDef.swift; sourceTree = "<group>"; };
		75F2C5FB27C60AF800922EEA /* SplashModel.swift */ = {isa = PBXFileReference; lastKnownFileType = sourcecode.swift; path = SplashModel.swift; sourceTree = "<group>"; };
		75F2C5FD27C60CD100922EEA /* UIImage+Finda.swift */ = {isa = PBXFileReference; lastKnownFileType = sourcecode.swift; path = "UIImage+Finda.swift"; sourceTree = "<group>"; };
		75F2C60027C60F4500922EEA /* SplashCVC.swift */ = {isa = PBXFileReference; lastKnownFileType = sourcecode.swift; path = SplashCVC.swift; sourceTree = "<group>"; };
/* End PBXFileReference section */

/* Begin PBXFrameworksBuildPhase section */
		751A439B27BF6C5E003C5E10 /* Frameworks */ = {
			isa = PBXFrameworksBuildPhase;
			buildActionMask = 2147483647;
			files = (
				7553C97127BF751900140690 /* RxSwift in Frameworks */,
				7553C96927BF74F200140690 /* SnapKit in Frameworks */,
				7553C96327BF74CC00140690 /* NSObject-Rx in Frameworks */,
				7553C96F27BF751900140690 /* RxCocoa in Frameworks */,
				7553C96627BF74DF00140690 /* Then in Frameworks */,
				7553C96C27BF750200140690 /* ModernRIBs in Frameworks */,
			);
			runOnlyForDeploymentPostprocessing = 0;
		};
/* End PBXFrameworksBuildPhase section */

/* Begin PBXGroup section */
		751A439527BF6C5E003C5E10 = {
			isa = PBXGroup;
			children = (
				751A43A027BF6C5E003C5E10 /* Finda */,
				751A439F27BF6C5E003C5E10 /* Products */,
			);
			sourceTree = "<group>";
		};
		751A439F27BF6C5E003C5E10 /* Products */ = {
			isa = PBXGroup;
			children = (
				751A439E27BF6C5E003C5E10 /* Finda.app */,
			);
			name = Products;
			sourceTree = "<group>";
		};
		751A43A027BF6C5E003C5E10 /* Finda */ = {
			isa = PBXGroup;
			children = (
				75F2C5FF27C60F2700922EEA /* Views */,
				75F2C5FA27C60AEE00922EEA /* Model */,
				75B2823827C36B0A0039DEA9 /* Util */,
				75B2823327C369B20039DEA9 /* AppDelegate */,
				75B2822C27C3696E0039DEA9 /* Root */,
				754D9B9127C4AB9D004FA2B6 /* Splash */,
				751A43AA27BF6C60003C5E10 /* Assets.xcassets */,
				751A43AC27BF6C60003C5E10 /* LaunchScreen.storyboard */,
				751A43AF27BF6C60003C5E10 /* Info.plist */,
			);
			path = Finda;
			sourceTree = "<group>";
		};
		754D9B9127C4AB9D004FA2B6 /* Splash */ = {
			isa = PBXGroup;
			children = (
				754D9B9327C4AC64004FA2B6 /* SplashRouter.swift */,
				754D9B9427C4AC64004FA2B6 /* SplashViewController.swift */,
				754D9B9527C4AC64004FA2B6 /* SplashBuilder.swift */,
				754D9B9627C4AC64004FA2B6 /* SplashInteractor.swift */,
			);
			path = Splash;
			sourceTree = "<group>";
		};
		75B2822C27C3696E0039DEA9 /* Root */ = {
			isa = PBXGroup;
			children = (
				754D9B8927C49215004FA2B6 /* RootRouter.swift */,
				754D9B8A27C49215004FA2B6 /* RootViewController.swift */,
				754D9B8B27C49215004FA2B6 /* RootBuilder.swift */,
				754D9B8C27C49215004FA2B6 /* RootInteractor.swift */,
			);
			path = Root;
			sourceTree = "<group>";
		};
		75B2823327C369B20039DEA9 /* AppDelegate */ = {
			isa = PBXGroup;
			children = (
				75B2823427C369C70039DEA9 /* AppComponent.swift */,
				751A43A127BF6C5E003C5E10 /* AppDelegate.swift */,
			);
			path = AppDelegate;
			sourceTree = "<group>";
		};
		75B2823827C36B0A0039DEA9 /* Util */ = {
			isa = PBXGroup;
			children = (
				75F2C5FD27C60CD100922EEA /* UIImage+Finda.swift */,
				754D9B9B27C4B3D3004FA2B6 /* UIColor+Finda.swift */,
				75B2823627C36B040039DEA9 /* RIBsUtil.swift */,
				75F2C5F727C5FD1600922EEA /* CommonDef.swift */,
			);
			path = Util;
			sourceTree = "<group>";
		};
		75F2C5FA27C60AEE00922EEA /* Model */ = {
			isa = PBXGroup;
			children = (
				75F2C5FB27C60AF800922EEA /* SplashModel.swift */,
			);
			path = Model;
			sourceTree = "<group>";
		};
		75F2C5FF27C60F2700922EEA /* Views */ = {
			isa = PBXGroup;
			children = (
				75F2C60027C60F4500922EEA /* SplashCVC.swift */,
			);
			path = Views;
			sourceTree = "<group>";
		};
/* End PBXGroup section */

/* Begin PBXNativeTarget section */
		751A439D27BF6C5E003C5E10 /* Finda */ = {
			isa = PBXNativeTarget;
			buildConfigurationList = 751A43B227BF6C60003C5E10 /* Build configuration list for PBXNativeTarget "Finda" */;
			buildPhases = (
				751A439A27BF6C5E003C5E10 /* Sources */,
				751A439B27BF6C5E003C5E10 /* Frameworks */,
				751A439C27BF6C5E003C5E10 /* Resources */,
			);
			buildRules = (
			);
			dependencies = (
			);
			name = Finda;
			packageProductDependencies = (
				7553C96227BF74CC00140690 /* NSObject-Rx */,
				7553C96527BF74DF00140690 /* Then */,
				7553C96827BF74F200140690 /* SnapKit */,
				7553C96B27BF750200140690 /* ModernRIBs */,
				7553C96E27BF751900140690 /* RxCocoa */,
				7553C97027BF751900140690 /* RxSwift */,
			);
			productName = Finda;
			productReference = 751A439E27BF6C5E003C5E10 /* Finda.app */;
			productType = "com.apple.product-type.application";
		};
/* End PBXNativeTarget section */

/* Begin PBXProject section */
		751A439627BF6C5E003C5E10 /* Project object */ = {
			isa = PBXProject;
			attributes = {
				BuildIndependentTargetsInParallel = 1;
				LastSwiftUpdateCheck = 1320;
				LastUpgradeCheck = 1320;
				TargetAttributes = {
					751A439D27BF6C5E003C5E10 = {
						CreatedOnToolsVersion = 13.2.1;
					};
				};
			};
			buildConfigurationList = 751A439927BF6C5E003C5E10 /* Build configuration list for PBXProject "Finda" */;
			compatibilityVersion = "Xcode 13.0";
			developmentRegion = en;
			hasScannedForEncodings = 0;
			knownRegions = (
				en,
				Base,
			);
			mainGroup = 751A439527BF6C5E003C5E10;
			packageReferences = (
				7553C96127BF74CC00140690 /* XCRemoteSwiftPackageReference "NSObject-Rx" */,
				7553C96427BF74DF00140690 /* XCRemoteSwiftPackageReference "Then" */,
				7553C96727BF74F200140690 /* XCRemoteSwiftPackageReference "SnapKit" */,
				7553C96A27BF750200140690 /* XCRemoteSwiftPackageReference "ModernRIBs" */,
				7553C96D27BF751900140690 /* XCRemoteSwiftPackageReference "RxSwift" */,
			);
			productRefGroup = 751A439F27BF6C5E003C5E10 /* Products */;
			projectDirPath = "";
			projectRoot = "";
			targets = (
				751A439D27BF6C5E003C5E10 /* Finda */,
			);
		};
/* End PBXProject section */

/* Begin PBXResourcesBuildPhase section */
		751A439C27BF6C5E003C5E10 /* Resources */ = {
			isa = PBXResourcesBuildPhase;
			buildActionMask = 2147483647;
			files = (
				751A43AE27BF6C60003C5E10 /* LaunchScreen.storyboard in Resources */,
				751A43AB27BF6C60003C5E10 /* Assets.xcassets in Resources */,
			);
			runOnlyForDeploymentPostprocessing = 0;
		};
/* End PBXResourcesBuildPhase section */

/* Begin PBXSourcesBuildPhase section */
		751A439A27BF6C5E003C5E10 /* Sources */ = {
			isa = PBXSourcesBuildPhase;
			buildActionMask = 2147483647;
			files = (
				754D9B8E27C49215004FA2B6 /* RootViewController.swift in Sources */,
				75F2C60127C60F4500922EEA /* SplashCVC.swift in Sources */,
				75F2C5F827C5FD1600922EEA /* CommonDef.swift in Sources */,
				754D9B9727C4AC64004FA2B6 /* SplashRouter.swift in Sources */,
				754D9B8D27C49215004FA2B6 /* RootRouter.swift in Sources */,
				75F2C5FC27C60AF800922EEA /* SplashModel.swift in Sources */,
				754D9B9827C4AC64004FA2B6 /* SplashViewController.swift in Sources */,
				754D9B9027C49215004FA2B6 /* RootInteractor.swift in Sources */,
				754D9B9A27C4AC64004FA2B6 /* SplashInteractor.swift in Sources */,
				75B2823727C36B040039DEA9 /* RIBsUtil.swift in Sources */,
				751A43A227BF6C5E003C5E10 /* AppDelegate.swift in Sources */,
				75F2C5FE27C60CD100922EEA /* UIImage+Finda.swift in Sources */,
				75B2823527C369C70039DEA9 /* AppComponent.swift in Sources */,
				754D9B9C27C4B3D4004FA2B6 /* UIColor+Finda.swift in Sources */,
				754D9B9927C4AC64004FA2B6 /* SplashBuilder.swift in Sources */,
				754D9B8F27C49215004FA2B6 /* RootBuilder.swift in Sources */,
			);
			runOnlyForDeploymentPostprocessing = 0;
		};
/* End PBXSourcesBuildPhase section */

/* Begin PBXVariantGroup section */
		751A43AC27BF6C60003C5E10 /* LaunchScreen.storyboard */ = {
			isa = PBXVariantGroup;
			children = (
				751A43AD27BF6C60003C5E10 /* Base */,
			);
			name = LaunchScreen.storyboard;
			sourceTree = "<group>";
		};
/* End PBXVariantGroup section */

/* Begin XCBuildConfiguration section */
		751A43B027BF6C60003C5E10 /* Debug */ = {
			isa = XCBuildConfiguration;
			buildSettings = {
				ALWAYS_SEARCH_USER_PATHS = NO;
				CLANG_ANALYZER_NONNULL = YES;
				CLANG_ANALYZER_NUMBER_OBJECT_CONVERSION = YES_AGGRESSIVE;
				CLANG_CXX_LANGUAGE_STANDARD = "gnu++17";
				CLANG_CXX_LIBRARY = "libc++";
				CLANG_ENABLE_MODULES = YES;
				CLANG_ENABLE_OBJC_ARC = YES;
				CLANG_ENABLE_OBJC_WEAK = YES;
				CLANG_WARN_BLOCK_CAPTURE_AUTORELEASING = YES;
				CLANG_WARN_BOOL_CONVERSION = YES;
				CLANG_WARN_COMMA = YES;
				CLANG_WARN_CONSTANT_CONVERSION = YES;
				CLANG_WARN_DEPRECATED_OBJC_IMPLEMENTATIONS = YES;
				CLANG_WARN_DIRECT_OBJC_ISA_USAGE = YES_ERROR;
				CLANG_WARN_DOCUMENTATION_COMMENTS = YES;
				CLANG_WARN_EMPTY_BODY = YES;
				CLANG_WARN_ENUM_CONVERSION = YES;
				CLANG_WARN_INFINITE_RECURSION = YES;
				CLANG_WARN_INT_CONVERSION = YES;
				CLANG_WARN_NON_LITERAL_NULL_CONVERSION = YES;
				CLANG_WARN_OBJC_IMPLICIT_RETAIN_SELF = YES;
				CLANG_WARN_OBJC_LITERAL_CONVERSION = YES;
				CLANG_WARN_OBJC_ROOT_CLASS = YES_ERROR;
				CLANG_WARN_QUOTED_INCLUDE_IN_FRAMEWORK_HEADER = YES;
				CLANG_WARN_RANGE_LOOP_ANALYSIS = YES;
				CLANG_WARN_STRICT_PROTOTYPES = YES;
				CLANG_WARN_SUSPICIOUS_MOVE = YES;
				CLANG_WARN_UNGUARDED_AVAILABILITY = YES_AGGRESSIVE;
				CLANG_WARN_UNREACHABLE_CODE = YES;
				CLANG_WARN__DUPLICATE_METHOD_MATCH = YES;
				COPY_PHASE_STRIP = NO;
				DEBUG_INFORMATION_FORMAT = dwarf;
				ENABLE_STRICT_OBJC_MSGSEND = YES;
				ENABLE_TESTABILITY = YES;
				GCC_C_LANGUAGE_STANDARD = gnu11;
				GCC_DYNAMIC_NO_PIC = NO;
				GCC_NO_COMMON_BLOCKS = YES;
				GCC_OPTIMIZATION_LEVEL = 0;
				GCC_PREPROCESSOR_DEFINITIONS = (
					"DEBUG=1",
					"$(inherited)",
				);
				GCC_WARN_64_TO_32_BIT_CONVERSION = YES;
				GCC_WARN_ABOUT_RETURN_TYPE = YES_ERROR;
				GCC_WARN_UNDECLARED_SELECTOR = YES;
				GCC_WARN_UNINITIALIZED_AUTOS = YES_AGGRESSIVE;
				GCC_WARN_UNUSED_FUNCTION = YES;
				GCC_WARN_UNUSED_VARIABLE = YES;
				IPHONEOS_DEPLOYMENT_TARGET = 15.2;
				MTL_ENABLE_DEBUG_INFO = INCLUDE_SOURCE;
				MTL_FAST_MATH = YES;
				ONLY_ACTIVE_ARCH = YES;
				SDKROOT = iphoneos;
				SWIFT_ACTIVE_COMPILATION_CONDITIONS = DEBUG;
				SWIFT_OPTIMIZATION_LEVEL = "-Onone";
			};
			name = Debug;
		};
		751A43B127BF6C60003C5E10 /* Release */ = {
			isa = XCBuildConfiguration;
			buildSettings = {
				ALWAYS_SEARCH_USER_PATHS = NO;
				CLANG_ANALYZER_NONNULL = YES;
				CLANG_ANALYZER_NUMBER_OBJECT_CONVERSION = YES_AGGRESSIVE;
				CLANG_CXX_LANGUAGE_STANDARD = "gnu++17";
				CLANG_CXX_LIBRARY = "libc++";
				CLANG_ENABLE_MODULES = YES;
				CLANG_ENABLE_OBJC_ARC = YES;
				CLANG_ENABLE_OBJC_WEAK = YES;
				CLANG_WARN_BLOCK_CAPTURE_AUTORELEASING = YES;
				CLANG_WARN_BOOL_CONVERSION = YES;
				CLANG_WARN_COMMA = YES;
				CLANG_WARN_CONSTANT_CONVERSION = YES;
				CLANG_WARN_DEPRECATED_OBJC_IMPLEMENTATIONS = YES;
				CLANG_WARN_DIRECT_OBJC_ISA_USAGE = YES_ERROR;
				CLANG_WARN_DOCUMENTATION_COMMENTS = YES;
				CLANG_WARN_EMPTY_BODY = YES;
				CLANG_WARN_ENUM_CONVERSION = YES;
				CLANG_WARN_INFINITE_RECURSION = YES;
				CLANG_WARN_INT_CONVERSION = YES;
				CLANG_WARN_NON_LITERAL_NULL_CONVERSION = YES;
				CLANG_WARN_OBJC_IMPLICIT_RETAIN_SELF = YES;
				CLANG_WARN_OBJC_LITERAL_CONVERSION = YES;
				CLANG_WARN_OBJC_ROOT_CLASS = YES_ERROR;
				CLANG_WARN_QUOTED_INCLUDE_IN_FRAMEWORK_HEADER = YES;
				CLANG_WARN_RANGE_LOOP_ANALYSIS = YES;
				CLANG_WARN_STRICT_PROTOTYPES = YES;
				CLANG_WARN_SUSPICIOUS_MOVE = YES;
				CLANG_WARN_UNGUARDED_AVAILABILITY = YES_AGGRESSIVE;
				CLANG_WARN_UNREACHABLE_CODE = YES;
				CLANG_WARN__DUPLICATE_METHOD_MATCH = YES;
				COPY_PHASE_STRIP = NO;
				DEBUG_INFORMATION_FORMAT = "dwarf-with-dsym";
				ENABLE_NS_ASSERTIONS = NO;
				ENABLE_STRICT_OBJC_MSGSEND = YES;
				GCC_C_LANGUAGE_STANDARD = gnu11;
				GCC_NO_COMMON_BLOCKS = YES;
				GCC_WARN_64_TO_32_BIT_CONVERSION = YES;
				GCC_WARN_ABOUT_RETURN_TYPE = YES_ERROR;
				GCC_WARN_UNDECLARED_SELECTOR = YES;
				GCC_WARN_UNINITIALIZED_AUTOS = YES_AGGRESSIVE;
				GCC_WARN_UNUSED_FUNCTION = YES;
				GCC_WARN_UNUSED_VARIABLE = YES;
				IPHONEOS_DEPLOYMENT_TARGET = 15.2;
				MTL_ENABLE_DEBUG_INFO = NO;
				MTL_FAST_MATH = YES;
				SDKROOT = iphoneos;
				SWIFT_COMPILATION_MODE = wholemodule;
				SWIFT_OPTIMIZATION_LEVEL = "-O";
				VALIDATE_PRODUCT = YES;
			};
			name = Release;
		};
		751A43B327BF6C60003C5E10 /* Debug */ = {
			isa = XCBuildConfiguration;
			buildSettings = {
				ASSETCATALOG_COMPILER_APPICON_NAME = AppIcon;
				ASSETCATALOG_COMPILER_GLOBAL_ACCENT_COLOR_NAME = AccentColor;
				CODE_SIGN_STYLE = Automatic;
				CURRENT_PROJECT_VERSION = 1;
				DEVELOPMENT_TEAM = A5R4GWN72W;
				GENERATE_INFOPLIST_FILE = YES;
				INFOPLIST_FILE = Finda/Info.plist;
				INFOPLIST_KEY_UIApplicationSupportsIndirectInputEvents = YES;
				INFOPLIST_KEY_UILaunchStoryboardName = LaunchScreen;
				INFOPLIST_KEY_UISupportedInterfaceOrientations_iPad = "UIInterfaceOrientationPortrait UIInterfaceOrientationPortraitUpsideDown UIInterfaceOrientationLandscapeLeft UIInterfaceOrientationLandscapeRight";
				INFOPLIST_KEY_UISupportedInterfaceOrientations_iPhone = "UIInterfaceOrientationPortrait UIInterfaceOrientationLandscapeLeft UIInterfaceOrientationLandscapeRight";
				LD_RUNPATH_SEARCH_PATHS = (
					"$(inherited)",
					"@executable_path/Frameworks",
				);
				MARKETING_VERSION = 1.0;
				PRODUCT_BUNDLE_IDENTIFIER = kr.co.yura.Finda;
				PRODUCT_NAME = "$(TARGET_NAME)";
				SWIFT_EMIT_LOC_STRINGS = YES;
				SWIFT_VERSION = 5.0;
				TARGETED_DEVICE_FAMILY = "1,2";
			};
			name = Debug;
		};
		751A43B427BF6C60003C5E10 /* Release */ = {
			isa = XCBuildConfiguration;
			buildSettings = {
				ASSETCATALOG_COMPILER_APPICON_NAME = AppIcon;
				ASSETCATALOG_COMPILER_GLOBAL_ACCENT_COLOR_NAME = AccentColor;
				CODE_SIGN_STYLE = Automatic;
				CURRENT_PROJECT_VERSION = 1;
				DEVELOPMENT_TEAM = A5R4GWN72W;
				GENERATE_INFOPLIST_FILE = YES;
				INFOPLIST_FILE = Finda/Info.plist;
				INFOPLIST_KEY_UIApplicationSupportsIndirectInputEvents = YES;
				INFOPLIST_KEY_UILaunchStoryboardName = LaunchScreen;
				INFOPLIST_KEY_UISupportedInterfaceOrientations_iPad = "UIInterfaceOrientationPortrait UIInterfaceOrientationPortraitUpsideDown UIInterfaceOrientationLandscapeLeft UIInterfaceOrientationLandscapeRight";
				INFOPLIST_KEY_UISupportedInterfaceOrientations_iPhone = "UIInterfaceOrientationPortrait UIInterfaceOrientationLandscapeLeft UIInterfaceOrientationLandscapeRight";
				LD_RUNPATH_SEARCH_PATHS = (
					"$(inherited)",
					"@executable_path/Frameworks",
				);
				MARKETING_VERSION = 1.0;
				PRODUCT_BUNDLE_IDENTIFIER = kr.co.yura.Finda;
				PRODUCT_NAME = "$(TARGET_NAME)";
				SWIFT_EMIT_LOC_STRINGS = YES;
				SWIFT_VERSION = 5.0;
				TARGETED_DEVICE_FAMILY = "1,2";
			};
			name = Release;
		};
/* End XCBuildConfiguration section */

/* Begin XCConfigurationList section */
		751A439927BF6C5E003C5E10 /* Build configuration list for PBXProject "Finda" */ = {
			isa = XCConfigurationList;
			buildConfigurations = (
				751A43B027BF6C60003C5E10 /* Debug */,
				751A43B127BF6C60003C5E10 /* Release */,
			);
			defaultConfigurationIsVisible = 0;
			defaultConfigurationName = Release;
		};
		751A43B227BF6C60003C5E10 /* Build configuration list for PBXNativeTarget "Finda" */ = {
			isa = XCConfigurationList;
			buildConfigurations = (
				751A43B327BF6C60003C5E10 /* Debug */,
				751A43B427BF6C60003C5E10 /* Release */,
			);
			defaultConfigurationIsVisible = 0;
			defaultConfigurationName = Release;
		};
/* End XCConfigurationList section */

/* Begin XCRemoteSwiftPackageReference section */
		7553C96127BF74CC00140690 /* XCRemoteSwiftPackageReference "NSObject-Rx" */ = {
			isa = XCRemoteSwiftPackageReference;
			repositoryURL = "https://github.com/RxSwiftCommunity/NSObject-Rx.git";
			requirement = {
				kind = upToNextMajorVersion;
				minimumVersion = 5.0.0;
			};
		};
		7553C96427BF74DF00140690 /* XCRemoteSwiftPackageReference "Then" */ = {
			isa = XCRemoteSwiftPackageReference;
			repositoryURL = "https://github.com/devxoul/Then.git";
			requirement = {
				branch = master;
				kind = branch;
			};
		};
		7553C96727BF74F200140690 /* XCRemoteSwiftPackageReference "SnapKit" */ = {
			isa = XCRemoteSwiftPackageReference;
			repositoryURL = "https://github.com/SnapKit/SnapKit.git";
			requirement = {
				branch = develop;
				kind = branch;
			};
		};
		7553C96A27BF750200140690 /* XCRemoteSwiftPackageReference "ModernRIBs" */ = {
			isa = XCRemoteSwiftPackageReference;
			repositoryURL = "https://github.com/DevYeom/ModernRIBs.git";
			requirement = {
				branch = main;
				kind = branch;
			};
		};
		7553C96D27BF751900140690 /* XCRemoteSwiftPackageReference "RxSwift" */ = {
			isa = XCRemoteSwiftPackageReference;
			repositoryURL = "https://github.com/ReactiveX/RxSwift.git";
			requirement = {
				branch = main;
				kind = branch;
			};
		};
/* End XCRemoteSwiftPackageReference section */

/* Begin XCSwiftPackageProductDependency section */
		7553C96227BF74CC00140690 /* NSObject-Rx */ = {
			isa = XCSwiftPackageProductDependency;
			package = 7553C96127BF74CC00140690 /* XCRemoteSwiftPackageReference "NSObject-Rx" */;
			productName = "NSObject-Rx";
		};
		7553C96527BF74DF00140690 /* Then */ = {
			isa = XCSwiftPackageProductDependency;
			package = 7553C96427BF74DF00140690 /* XCRemoteSwiftPackageReference "Then" */;
			productName = Then;
		};
		7553C96827BF74F200140690 /* SnapKit */ = {
			isa = XCSwiftPackageProductDependency;
			package = 7553C96727BF74F200140690 /* XCRemoteSwiftPackageReference "SnapKit" */;
			productName = SnapKit;
		};
		7553C96B27BF750200140690 /* ModernRIBs */ = {
			isa = XCSwiftPackageProductDependency;
			package = 7553C96A27BF750200140690 /* XCRemoteSwiftPackageReference "ModernRIBs" */;
			productName = ModernRIBs;
		};
		7553C96E27BF751900140690 /* RxCocoa */ = {
			isa = XCSwiftPackageProductDependency;
			package = 7553C96D27BF751900140690 /* XCRemoteSwiftPackageReference "RxSwift" */;
			productName = RxCocoa;
		};
		7553C97027BF751900140690 /* RxSwift */ = {
			isa = XCSwiftPackageProductDependency;
			package = 7553C96D27BF751900140690 /* XCRemoteSwiftPackageReference "RxSwift" */;
			productName = RxSwift;
		};
/* End XCSwiftPackageProductDependency section */
	};
	rootObject = 751A439627BF6C5E003C5E10 /* Project object */;
}
